<?xml version="1.0" encoding="utf-8"?>
<Project ToolsVersion="4.0" xmlns="http://schemas.microsoft.com/developer/msbuild/2003">
  <ItemGroup>
    <Filter Include="Source files">
      <UniqueIdentifier>{81dce7f8-0bca-494f-8204-25f1effcbae7}</UniqueIdentifier>
      <Extensions>cpp;c;cc;cxx;def;odl;idl;hpj;bat;asm;asmx</Extensions>
    </Filter>
    <Filter Include="Header files">
      <UniqueIdentifier>{060fb25d-845b-48e5-ae0d-f51a358a3bf6}</UniqueIdentifier>
      <Extensions>h;hpp;hxx;hm;inl;inc;xsd</Extensions>
    </Filter>
    <Filter Include="Resource files">
      <UniqueIdentifier>{89724b3a-3ca1-45e9-8f81-067e08a92268}</UniqueIdentifier>
      <Extensions>rc;ico;cur;bmp;dlg;rc2;rct;bin;rgs;gif;jpg;jpeg;jpe;resx;tiff;tif;png;wav</Extensions>
    </Filter>
    <Filter Include="VisualGDB settings">
      <UniqueIdentifier>{f0b3eea8-0177-4f79-b22c-a91cc9febb50}</UniqueIdentifier>
      <Extensions>*.vgdbsettings</Extensions>
    </Filter>
  </ItemGroup>
  <ItemGroup>
    <ClCompile Include="AquaCPU_SMS_EXTENTION.cpp">
      <Filter>Source files</Filter>
    </ClCompile>
    <ClCompile Include="serialib.cpp">
      <Filter>Source files</Filter>
    </ClCompile>
    <ClCompile Include="ini_parser.cpp">
      <Filter>Source files</Filter>
    </ClCompile>
  </ItemGroup>
  <ItemGroup>
    <None Include="AquaCPU_SMS_EXTENTION-Debug.vgdbsettings">
      <Filter>VisualGDB settings</Filter>
    </None>
    <None Include="AquaCPU_SMS_EXTENTION-Release.vgdbsettings">
      <Filter>VisualGDB settings</Filter>
    </None>
  </ItemGroup>
  <ItemGroup>
    <ClInclude Include="serialib.h">
      <Filter>Source files</Filter>
    </ClInclude>
    <ClInclude Include="ini_parser.hpp">
      <Filter>Source files</Filter>
    </ClInclude>
  </ItemGroup>
</Project>