<?xml version="1.0" encoding="utf-8"?>
<Project ToolsVersion="4.0" xmlns="http://schemas.microsoft.com/developer/msbuild/2003">
  <ItemGroup>
    <Filter Include="Source files">
      <UniqueIdentifier>{fec78cd3-1d74-499a-a9c7-ea9244403e81}</UniqueIdentifier>
      <Extensions>cpp;c;cc;cxx;def;odl;idl;hpj;bat;asm;asmx</Extensions>
    </Filter>
    <Filter Include="Header files">
      <UniqueIdentifier>{2b1c5833-dd94-4b6a-962c-fd49431e70a2}</UniqueIdentifier>
      <Extensions>h;hpp;hxx;hm;inl;inc;xsd</Extensions>
    </Filter>
    <Filter Include="Resource files">
      <UniqueIdentifier>{22346065-e6cd-48ca-a770-09531fd798f2}</UniqueIdentifier>
      <Extensions>rc;ico;cur;bmp;dlg;rc2;rct;bin;rgs;gif;jpg;jpeg;jpe;resx;tiff;tif;png;wav</Extensions>
    </Filter>
    <Filter Include="VisualGDB settings">
      <UniqueIdentifier>{2f78d8ab-431e-44c2-9abf-e6c933652eed}</UniqueIdentifier>
      <Extensions>*.vgdbsettings</Extensions>
    </Filter>
  </ItemGroup>
  <ItemGroup>
    <ClCompile Include="AquaCPU_SMS_GATEWAY.cpp">
      <Filter>Source files</Filter>
    </ClCompile>
    <ClCompile Include="ini_parser.cpp">
      <Filter>Source files</Filter>
    </ClCompile>
    <ClCompile Include="serialib.cpp">
      <Filter>Source files</Filter>
    </ClCompile>
  </ItemGroup>
  <ItemGroup>
    <None Include="AquaCPU_SMS_GATEWAY-Debug.vgdbsettings">
      <Filter>VisualGDB settings</Filter>
    </None>
    <None Include="AquaCPU_SMS_GATEWAY-Release.vgdbsettings">
      <Filter>VisualGDB settings</Filter>
    </None>
  </ItemGroup>
  <ItemGroup>
    <ClInclude Include="ini_parser.hpp">
      <Filter>Source files</Filter>
    </ClInclude>
    <ClInclude Include="serialib.h">
      <Filter>Source files</Filter>
    </ClInclude>
  </ItemGroup>
</Project>